
Microsoft Visual Studio Solution File, Format Version 12.00
# Visual Studio Version 16
VisualStudioVersion = 16.0.31019.35
MinimumVisualStudioVersion = 10.0.40219.1
Project("{FAE04EC0-301F-11D3-BF4B-00C04F79EFBC}") = "ContactApp.Data", "ContactApp.Data\ContactApp.Data.csproj", "{5093F5F1-CD07-477D-85FE-1AC1BE51D9E8}"
EndProject
Project("{FAE04EC0-301F-11D3-BF4B-00C04F79EFBC}") = "ContactApp.WebAPI", "ContactApp.WebAPI\ContactApp.WebAPI.csproj", "{C4076A8E-2851-45E2-A9DF-FCD4E2AD505C}"
EndProject
Global
	GlobalSection(SolutionConfigurationPlatforms) = preSolution
		Debug|Any CPU = Debug|Any CPU
		Release|Any CPU = Release|Any CPU
	EndGlobalSection
	GlobalSection(ProjectConfigurationPlatforms) = postSolution
		{5093F5F1-CD07-477D-85FE-1AC1BE51D9E8}.Debug|Any CPU.ActiveCfg = Debug|Any CPU
		{5093F5F1-CD07-477D-85FE-1AC1BE51D9E8}.Debug|Any CPU.Build.0 = Debug|Any CPU
		{5093F5F1-CD07-477D-85FE-1AC1BE51D9E8}.Release|Any CPU.ActiveCfg = Release|Any CPU
		{5093F5F1-CD07-477D-85FE-1AC1BE51D9E8}.Release|Any CPU.Build.0 = Release|Any CPU
		{C4076A8E-2851-45E2-A9DF-FCD4E2AD505C}.Debug|Any CPU.ActiveCfg = Debug|Any CPU
		{C4076A8E-2851-45E2-A9DF-FCD4E2AD505C}.Debug|Any CPU.Build.0 = Debug|Any CPU
		{C4076A8E-2851-45E2-A9DF-FCD4E2AD505C}.Release|Any CPU.ActiveCfg = Release|Any CPU
		{C4076A8E-2851-45E2-A9DF-FCD4E2AD505C}.Release|Any CPU.Build.0 = Release|Any CPU
	EndGlobalSection
	GlobalSection(SolutionProperties) = preSolution
		HideSolutionNode = FALSE
	EndGlobalSection
	GlobalSection(ExtensibilityGlobals) = postSolution
		SolutionGuid = {DFF06ACC-470B-47DD-839F-4AA5A4D1C364}
	EndGlobalSection
EndGlobal
